
Microsoft Visual Studio Solution File, Format Version 12.00
# Visual Studio Version 17
VisualStudioVersion = 17.5.33516.290
MinimumVisualStudioVersion = 10.0.40219.1
Project("{888888A0-9F3D-457C-B088-3A5042F75D52}") = "myapp", "myapp\myapp.pyproj", "{6EF774C7-CA04-4803-B46D-7685B2B1642F}"
EndProject
Global
	GlobalSection(SolutionConfigurationPlatforms) = preSolution
		Debug|Any CPU = Debug|Any CPU
		Release|Any CPU = Release|Any CPU
	EndGlobalSection
	GlobalSection(ProjectConfigurationPlatforms) = postSolution
		{6EF774C7-CA04-4803-B46D-7685B2B1642F}.Debug|Any CPU.ActiveCfg = Debug|Any CPU
		{6EF774C7-CA04-4803-B46D-7685B2B1642F}.Debug|Any CPU.Build.0 = Debug|Any CPU
		{6EF774C7-CA04-4803-B46D-7685B2B1642F}.Release|Any CPU.ActiveCfg = Release|Any CPU
		{6EF774C7-CA04-4803-B46D-7685B2B1642F}.Release|Any CPU.Build.0 = Release|Any CPU
	EndGlobalSection
	GlobalSection(SolutionProperties) = preSolution
		HideSolutionNode = FALSE
	EndGlobalSection
	GlobalSection(ExtensibilityGlobals) = postSolution
		SolutionGuid = {19F4359F-74F3-47D4-9034-E7E8974946C0}
	EndGlobalSection
EndGlobal
